
Microsoft Visual Studio Solution File, Format Version 12.00
# Visual Studio 2012
Project("{FAE04EC0-301F-11D3-BF4B-00C04F79EFBC}") = "ConcurrentLibrary", "ConcurrentLibrary\ConcurrentLibrary.csproj", "{1AD23A2A-F5D6-4E34-A9D2-7392895A21E6}"
EndProject
Project("{FAE04EC0-301F-11D3-BF4B-00C04F79EFBC}") = "SemaphoreTest", "SemaphoreTest\SemaphoreTest.csproj", "{094FFE50-BABB-4EB2-A554-4EE2014C1B3E}"
EndProject
Project("{FAE04EC0-301F-11D3-BF4B-00C04F79EFBC}") = "BufferTest", "BufferTest\BufferTest.csproj", "{BE791F5E-502B-4DF8-BC1A-C563C6F83370}"
EndProject
Project("{FAE04EC0-301F-11D3-BF4B-00C04F79EFBC}") = "BarrierTest", "BarrierTest\BarrierTest.csproj", "{564DE49D-8E63-4924-B0D2-6FAA5404118F}"
Project("{FAE04EC0-301F-11D3-BF4B-00C04F79EFBC}") = "LatchTest", "LatchTest\LatchTest.csproj", "{543862B1-E3C7-4794-8E27-099CF468C419}"
Project("{FAE04EC0-301F-11D3-BF4B-00C04F79EFBC}") = "RendezvousTest", "RendezvousTest\RendezvousTest.csproj", "{14956EA7-2A07-45AA-9938-08BB61A50E34}"
EndProject
Global
	GlobalSection(SolutionConfigurationPlatforms) = preSolution
		BalkingBufferTest|Any CPU = BalkingBufferTest|Any CPU
		Debug|Any CPU = Debug|Any CPU
		Release|Any CPU = Release|Any CPU
	EndGlobalSection
	GlobalSection(ProjectConfigurationPlatforms) = postSolution
		{1AD23A2A-F5D6-4E34-A9D2-7392895A21E6}.BalkingBufferTest|Any CPU.ActiveCfg = Release|Any CPU
		{1AD23A2A-F5D6-4E34-A9D2-7392895A21E6}.BalkingBufferTest|Any CPU.Build.0 = Release|Any CPU
		{1AD23A2A-F5D6-4E34-A9D2-7392895A21E6}.Debug|Any CPU.ActiveCfg = Debug|Any CPU
		{1AD23A2A-F5D6-4E34-A9D2-7392895A21E6}.Debug|Any CPU.Build.0 = Debug|Any CPU
		{1AD23A2A-F5D6-4E34-A9D2-7392895A21E6}.Release|Any CPU.ActiveCfg = Release|Any CPU
		{1AD23A2A-F5D6-4E34-A9D2-7392895A21E6}.Release|Any CPU.Build.0 = Release|Any CPU
		{094FFE50-BABB-4EB2-A554-4EE2014C1B3E}.BalkingBufferTest|Any CPU.ActiveCfg = Release|Any CPU
		{094FFE50-BABB-4EB2-A554-4EE2014C1B3E}.BalkingBufferTest|Any CPU.Build.0 = Release|Any CPU
		{094FFE50-BABB-4EB2-A554-4EE2014C1B3E}.Debug|Any CPU.ActiveCfg = Debug|Any CPU
		{094FFE50-BABB-4EB2-A554-4EE2014C1B3E}.Debug|Any CPU.Build.0 = Debug|Any CPU
		{094FFE50-BABB-4EB2-A554-4EE2014C1B3E}.Release|Any CPU.ActiveCfg = Release|Any CPU
		{094FFE50-BABB-4EB2-A554-4EE2014C1B3E}.Release|Any CPU.Build.0 = Release|Any CPU
		{BE791F5E-502B-4DF8-BC1A-C563C6F83370}.BalkingBufferTest|Any CPU.ActiveCfg = Debug|Any CPU
		{BE791F5E-502B-4DF8-BC1A-C563C6F83370}.BalkingBufferTest|Any CPU.Build.0 = Debug|Any CPU
		{BE791F5E-502B-4DF8-BC1A-C563C6F83370}.Debug|Any CPU.ActiveCfg = Debug|Any CPU
		{BE791F5E-502B-4DF8-BC1A-C563C6F83370}.Debug|Any CPU.Build.0 = Debug|Any CPU
		{BE791F5E-502B-4DF8-BC1A-C563C6F83370}.Release|Any CPU.ActiveCfg = Release|Any CPU
		{BE791F5E-502B-4DF8-BC1A-C563C6F83370}.Release|Any CPU.Build.0 = Release|Any CPU
		{564DE49D-8E63-4924-B0D2-6FAA5404118F}.BalkingBufferTest|Any CPU.ActiveCfg = Release|Any CPU
		{564DE49D-8E63-4924-B0D2-6FAA5404118F}.BalkingBufferTest|Any CPU.Build.0 = Release|Any CPU
		{564DE49D-8E63-4924-B0D2-6FAA5404118F}.Debug|Any CPU.ActiveCfg = Debug|Any CPU
		{564DE49D-8E63-4924-B0D2-6FAA5404118F}.Debug|Any CPU.Build.0 = Debug|Any CPU
		{564DE49D-8E63-4924-B0D2-6FAA5404118F}.Release|Any CPU.ActiveCfg = Release|Any CPU
		{564DE49D-8E63-4924-B0D2-6FAA5404118F}.Release|Any CPU.Build.0 = Release|Any CPU
		{543862B1-E3C7-4794-8E27-099CF468C419}.BalkingBufferTest|Any CPU.ActiveCfg = Release|Any CPU
		{543862B1-E3C7-4794-8E27-099CF468C419}.BalkingBufferTest|Any CPU.Build.0 = Release|Any CPU
		{543862B1-E3C7-4794-8E27-099CF468C419}.Debug|Any CPU.ActiveCfg = Debug|Any CPU
		{543862B1-E3C7-4794-8E27-099CF468C419}.Debug|Any CPU.Build.0 = Debug|Any CPU
		{543862B1-E3C7-4794-8E27-099CF468C419}.Release|Any CPU.ActiveCfg = Release|Any CPU
		{543862B1-E3C7-4794-8E27-099CF468C419}.Release|Any CPU.Build.0 = Release|Any CPU
		{14956EA7-2A07-45AA-9938-08BB61A50E34}.Debug|Any CPU.ActiveCfg = Debug|Any CPU
		{14956EA7-2A07-45AA-9938-08BB61A50E34}.Debug|Any CPU.Build.0 = Debug|Any CPU
		{14956EA7-2A07-45AA-9938-08BB61A50E34}.Release|Any CPU.ActiveCfg = Release|Any CPU
		{14956EA7-2A07-45AA-9938-08BB61A50E34}.Release|Any CPU.Build.0 = Release|Any CPU
	EndGlobalSection
	GlobalSection(SolutionProperties) = preSolution
		HideSolutionNode = FALSE
	EndGlobalSection
EndGlobal
